
Microsoft Visual Studio Solution File, Format Version 12.00
Project("{FAE04EC0-301F-11D3-BF4B-00C04F79EFBC}") = "ListOfEvents", "ListOfEvents\ListOfEvents.csproj", "{140E5000-D24A-44E0-838A-5D846D5D24EF}"
EndProject
Global
	GlobalSection(SolutionConfigurationPlatforms) = preSolution
		Debug|Any CPU = Debug|Any CPU
		Release|Any CPU = Release|Any CPU
	EndGlobalSection
	GlobalSection(ProjectConfigurationPlatforms) = postSolution
		{140E5000-D24A-44E0-838A-5D846D5D24EF}.Debug|Any CPU.ActiveCfg = Debug|Any CPU
		{140E5000-D24A-44E0-838A-5D846D5D24EF}.Debug|Any CPU.Build.0 = Debug|Any CPU
		{140E5000-D24A-44E0-838A-5D846D5D24EF}.Release|Any CPU.ActiveCfg = Release|Any CPU
		{140E5000-D24A-44E0-838A-5D846D5D24EF}.Release|Any CPU.Build.0 = Release|Any CPU
	EndGlobalSection
EndGlobal
